
Microsoft Visual Studio Solution File, Format Version 12.00
# Visual Studio 15
VisualStudioVersion = 15.0.27004.2005
MinimumVisualStudioVersion = 10.0.40219.1
Project("{8BC9CEB8-8B4A-11D0-8D11-00A0C91BC942}") = "AtCoder_Beginner_030_A", "AtCoder_Beginner_030_A\AtCoder_Beginner_030_A.vcxproj", "{48D93B36-C5FC-4491-942E-ADF90D63BC5C}"
EndProject
Global
	GlobalSection(SolutionConfigurationPlatforms) = preSolution
		Debug|x64 = Debug|x64
		Debug|x86 = Debug|x86
		Release|x64 = Release|x64
		Release|x86 = Release|x86
	EndGlobalSection
	GlobalSection(ProjectConfigurationPlatforms) = postSolution
		{48D93B36-C5FC-4491-942E-ADF90D63BC5C}.Debug|x64.ActiveCfg = Debug|x64
		{48D93B36-C5FC-4491-942E-ADF90D63BC5C}.Debug|x64.Build.0 = Debug|x64
		{48D93B36-C5FC-4491-942E-ADF90D63BC5C}.Debug|x86.ActiveCfg = Debug|Win32
		{48D93B36-C5FC-4491-942E-ADF90D63BC5C}.Debug|x86.Build.0 = Debug|Win32
		{48D93B36-C5FC-4491-942E-ADF90D63BC5C}.Release|x64.ActiveCfg = Release|x64
		{48D93B36-C5FC-4491-942E-ADF90D63BC5C}.Release|x64.Build.0 = Release|x64
		{48D93B36-C5FC-4491-942E-ADF90D63BC5C}.Release|x86.ActiveCfg = Release|Win32
		{48D93B36-C5FC-4491-942E-ADF90D63BC5C}.Release|x86.Build.0 = Release|Win32
	EndGlobalSection
	GlobalSection(SolutionProperties) = preSolution
		HideSolutionNode = FALSE
	EndGlobalSection
	GlobalSection(ExtensibilityGlobals) = postSolution
		SolutionGuid = {13019861-128E-4B4B-B729-AE952F26A013}
	EndGlobalSection
EndGlobal
